
Microsoft Visual Studio Solution File, Format Version 12.00
# Visual Studio 15
VisualStudioVersion = 15.0.28307.1169
MinimumVisualStudioVersion = 10.0.40219.1
Project("{FAE04EC0-301F-11D3-BF4B-00C04F79EFBC}") = "SalesWebMVC", "SalesWebMVC\SalesWebMVC.csproj", "{225EC209-7C2B-4D98-BFED-CC1E09BC451E}"
EndProject
Global
	GlobalSection(SolutionConfigurationPlatforms) = preSolution
		Debug|Any CPU = Debug|Any CPU
		Release|Any CPU = Release|Any CPU
	EndGlobalSection
	GlobalSection(ProjectConfigurationPlatforms) = postSolution
		{225EC209-7C2B-4D98-BFED-CC1E09BC451E}.Debug|Any CPU.ActiveCfg = Debug|Any CPU
		{225EC209-7C2B-4D98-BFED-CC1E09BC451E}.Debug|Any CPU.Build.0 = Debug|Any CPU
		{225EC209-7C2B-4D98-BFED-CC1E09BC451E}.Release|Any CPU.ActiveCfg = Release|Any CPU
		{225EC209-7C2B-4D98-BFED-CC1E09BC451E}.Release|Any CPU.Build.0 = Release|Any CPU
	EndGlobalSection
	GlobalSection(SolutionProperties) = preSolution
		HideSolutionNode = FALSE
	EndGlobalSection
	GlobalSection(ExtensibilityGlobals) = postSolution
		SolutionGuid = {C2FC581D-CD07-4200-B5DC-D64B4AD5F892}
	EndGlobalSection
EndGlobal
